
Microsoft Visual Studio Solution File, Format Version 12.00
# Visual Studio 2013
VisualStudioVersion = 12.0.21005.1
MinimumVisualStudioVersion = 10.0.40219.1
Project("{FAE04EC0-301F-11D3-BF4B-00C04F79EFBC}") = "Non-Blocking Algorithm", "Non-Blocking Algorithm\Non-Blocking Algorithm.csproj", "{ECCC360B-ED71-4EF4-89C8-8C4CC4EE9301}"
EndProject
Global
	GlobalSection(SolutionConfigurationPlatforms) = preSolution
		Debug|Any CPU = Debug|Any CPU
		Release|Any CPU = Release|Any CPU
	EndGlobalSection
	GlobalSection(ProjectConfigurationPlatforms) = postSolution
		{ECCC360B-ED71-4EF4-89C8-8C4CC4EE9301}.Debug|Any CPU.ActiveCfg = Debug|Any CPU
		{ECCC360B-ED71-4EF4-89C8-8C4CC4EE9301}.Debug|Any CPU.Build.0 = Debug|Any CPU
		{ECCC360B-ED71-4EF4-89C8-8C4CC4EE9301}.Release|Any CPU.ActiveCfg = Release|Any CPU
		{ECCC360B-ED71-4EF4-89C8-8C4CC4EE9301}.Release|Any CPU.Build.0 = Release|Any CPU
	EndGlobalSection
	GlobalSection(SolutionProperties) = preSolution
		HideSolutionNode = FALSE
	EndGlobalSection
EndGlobal
