
Microsoft Visual Studio Solution File, Format Version 12.00
# Visual Studio 2013
VisualStudioVersion = 12.0.40629.0
MinimumVisualStudioVersion = 10.0.40219.1
Project("{FAE04EC0-301F-11D3-BF4B-00C04F79EFBC}") = "UnBlockingSynch", "UnBlockingSynch\UnBlockingSynch.csproj", "{AE6A15D0-29EC-4CFF-A3F9-EA1362051A7D}"
EndProject
Global
	GlobalSection(SolutionConfigurationPlatforms) = preSolution
		Debug|Any CPU = Debug|Any CPU
		Release|Any CPU = Release|Any CPU
	EndGlobalSection
	GlobalSection(ProjectConfigurationPlatforms) = postSolution
		{AE6A15D0-29EC-4CFF-A3F9-EA1362051A7D}.Debug|Any CPU.ActiveCfg = Debug|Any CPU
		{AE6A15D0-29EC-4CFF-A3F9-EA1362051A7D}.Debug|Any CPU.Build.0 = Debug|Any CPU
		{AE6A15D0-29EC-4CFF-A3F9-EA1362051A7D}.Release|Any CPU.ActiveCfg = Release|Any CPU
		{AE6A15D0-29EC-4CFF-A3F9-EA1362051A7D}.Release|Any CPU.Build.0 = Release|Any CPU
	EndGlobalSection
	GlobalSection(SolutionProperties) = preSolution
		HideSolutionNode = FALSE
	EndGlobalSection
EndGlobal
